// !$*UTF8*$!
{
	archiveVersion = 1;
	classes = {
	};
	objectVersion = 77;
	objects = {

/* Begin PBXBuildFile section */
		DE7888952DFA69E40027B60D /* run_tests.sh in Resources */ = {isa = PBXBuildFile; fileRef = DE7888942DFA69D60027B60D /* run_tests.sh */; };
		DE7888972DFA6A1E0027B60D /* README.md in Resources */ = {isa = PBXBuildFile; fileRef = DE7888962DFA6A170027B60D /* README.md */; };
		DE7888992DFA6C460027B60D /* .gitignore in Resources */ = {isa = PBXBuildFile; fileRef = DE7888982DFA6C3F0027B60D /* .gitignore */; };
		DE9138B02DDFF11D00953143 /* SVGKit in Frameworks */ = {isa = PBXBuildFile; productRef = DE9138AF2DDFF11D00953143 /* SVGKit */; };
		DE9138B22DDFF11D00953143 /* SVGKitSwift in Frameworks */ = {isa = PBXBuildFile; productRef = DE9138B12DDFF11D00953143 /* SVGKitSwift */; };
		DE9BF5BD2DDE6ECB00094A0D /* FirebaseAnalytics in Frameworks */ = {isa = PBXBuildFile; productRef = DE9BF5BC2DDE6ECB00094A0D /* FirebaseAnalytics */; };
		DE9BF5BF2DDE6ECB00094A0D /* FirebaseAuth in Frameworks */ = {isa = PBXBuildFile; productRef = DE9BF5BE2DDE6ECB00094A0D /* FirebaseAuth */; };
		DE9BF5C12DDE6ECB00094A0D /* FirebaseCore in Frameworks */ = {isa = PBXBuildFile; productRef = DE9BF5C02DDE6ECB00094A0D /* FirebaseCore */; };
		DE9BF5C32DDE6ECB00094A0D /* FirebaseCrashlytics in Frameworks */ = {isa = PBXBuildFile; productRef = DE9BF5C22DDE6ECB00094A0D /* FirebaseCrashlytics */; };
		DE9BF5C52DDE6ECB00094A0D /* FirebaseFirestore in Frameworks */ = {isa = PBXBuildFile; productRef = DE9BF5C42DDE6ECB00094A0D /* FirebaseFirestore */; };
		DE9BF5D62DDE8C8B00094A0D /* SDWebImageSwiftUI in Frameworks */ = {isa = PBXBuildFile; productRef = DE9BF5D52DDE8C8B00094A0D /* SDWebImageSwiftUI */; };
		DEA9BE142DFB5F7400E18AD5 /* ViewInspector in Frameworks */ = {isa = PBXBuildFile; productRef = DEA9BE132DFB5F7400E18AD5 /* ViewInspector */; };
		DEA9BE162DFB5FD100E18AD5 /* ViewInspector in Frameworks */ = {isa = PBXBuildFile; productRef = DEA9BE152DFB5FD100E18AD5 /* ViewInspector */; };
/* End PBXBuildFile section */

/* Begin PBXContainerItemProxy section */
		DE9BF5962DDE564700094A0D /* PBXContainerItemProxy */ = {
			isa = PBXContainerItemProxy;
			containerPortal = DE9BF57E2DDE564400094A0D /* Project object */;
			proxyType = 1;
			remoteGlobalIDString = DE9BF5852DDE564400094A0D;
			remoteInfo = InnovaFit;
		};
		DE9BF5A02DDE564700094A0D /* PBXContainerItemProxy */ = {
			isa = PBXContainerItemProxy;
			containerPortal = DE9BF57E2DDE564400094A0D /* Project object */;
			proxyType = 1;
			remoteGlobalIDString = DE9BF5852DDE564400094A0D;
			remoteInfo = InnovaFit;
		};
/* End PBXContainerItemProxy section */

/* Begin PBXFileReference section */
		DE7888942DFA69D60027B60D /* run_tests.sh */ = {isa = PBXFileReference; lastKnownFileType = text.script.sh; path = run_tests.sh; sourceTree = "<group>"; };
		DE7888962DFA6A170027B60D /* README.md */ = {isa = PBXFileReference; lastKnownFileType = net.daringfireball.markdown; path = README.md; sourceTree = "<group>"; };
		DE7888982DFA6C3F0027B60D /* .gitignore */ = {isa = PBXFileReference; lastKnownFileType = text; path = .gitignore; sourceTree = "<group>"; };
		DE9BF5862DDE564400094A0D /* InnovaFit.app */ = {isa = PBXFileReference; explicitFileType = wrapper.application; includeInIndex = 0; path = InnovaFit.app; sourceTree = BUILT_PRODUCTS_DIR; };
		DE9BF5952DDE564700094A0D /* InnovaFitTests.xctest */ = {isa = PBXFileReference; explicitFileType = wrapper.cfbundle; includeInIndex = 0; path = InnovaFitTests.xctest; sourceTree = BUILT_PRODUCTS_DIR; };
		DE9BF59F2DDE564700094A0D /* InnovaFitUITests.xctest */ = {isa = PBXFileReference; explicitFileType = wrapper.cfbundle; includeInIndex = 0; path = InnovaFitUITests.xctest; sourceTree = BUILT_PRODUCTS_DIR; };
/* End PBXFileReference section */

/* Begin PBXFileSystemSynchronizedBuildFileExceptionSet section */
		DE9BF5CF2DDE781B00094A0D /* Exceptions for "InnovaFit" folder in "InnovaFit" target */ = {
			isa = PBXFileSystemSynchronizedBuildFileExceptionSet;
			membershipExceptions = (
				Info.plist,
			);
			target = DE9BF5852DDE564400094A0D /* InnovaFit */;
		};
/* End PBXFileSystemSynchronizedBuildFileExceptionSet section */

/* Begin PBXFileSystemSynchronizedRootGroup section */
		DE78889A2DFA6EC60027B60D /* .github */ = {
			isa = PBXFileSystemSynchronizedRootGroup;
			path = .github;
			sourceTree = "<group>";
		};
		DE9BF5882DDE564400094A0D /* InnovaFit */ = {
			isa = PBXFileSystemSynchronizedRootGroup;
			exceptions = (
				DE9BF5CF2DDE781B00094A0D /* Exceptions for "InnovaFit" folder in "InnovaFit" target */,
			);
			path = InnovaFit;
			sourceTree = "<group>";
		};
		DE9BF5982DDE564700094A0D /* InnovaFitTests */ = {
			isa = PBXFileSystemSynchronizedRootGroup;
			path = InnovaFitTests;
			sourceTree = "<group>";
		};
		DE9BF5A22DDE564700094A0D /* InnovaFitUITests */ = {
			isa = PBXFileSystemSynchronizedRootGroup;
			path = InnovaFitUITests;
			sourceTree = "<group>";
		};
/* End PBXFileSystemSynchronizedRootGroup section */

/* Begin PBXFrameworksBuildPhase section */
		DE9BF5832DDE564400094A0D /* Frameworks */ = {
			isa = PBXFrameworksBuildPhase;
			buildActionMask = 2147483647;
			files = (
				DE9138B22DDFF11D00953143 /* SVGKitSwift in Frameworks */,
				DE9BF5D62DDE8C8B00094A0D /* SDWebImageSwiftUI in Frameworks */,
				DE9138B02DDFF11D00953143 /* SVGKit in Frameworks */,
				DE9BF5BD2DDE6ECB00094A0D /* FirebaseAnalytics in Frameworks */,
				DE9BF5C32DDE6ECB00094A0D /* FirebaseCrashlytics in Frameworks */,
				DE9BF5C12DDE6ECB00094A0D /* FirebaseCore in Frameworks */,
				DE9BF5C52DDE6ECB00094A0D /* FirebaseFirestore in Frameworks */,
				DE9BF5BF2DDE6ECB00094A0D /* FirebaseAuth in Frameworks */,
			);
			runOnlyForDeploymentPostprocessing = 0;
		};
		DE9BF5922DDE564700094A0D /* Frameworks */ = {
			isa = PBXFrameworksBuildPhase;
			buildActionMask = 2147483647;
			files = (
				DEA9BE162DFB5FD100E18AD5 /* ViewInspector in Frameworks */,
			);
			runOnlyForDeploymentPostprocessing = 0;
		};
		DE9BF59C2DDE564700094A0D /* Frameworks */ = {
			isa = PBXFrameworksBuildPhase;
			buildActionMask = 2147483647;
			files = (
				DEA9BE142DFB5F7400E18AD5 /* ViewInspector in Frameworks */,
			);
			runOnlyForDeploymentPostprocessing = 0;
		};
/* End PBXFrameworksBuildPhase section */

/* Begin PBXGroup section */
		DE9BF57D2DDE564400094A0D = {
			isa = PBXGroup;
			children = (
				DE78889A2DFA6EC60027B60D /* .github */,
				DE7888982DFA6C3F0027B60D /* .gitignore */,
				DE7888962DFA6A170027B60D /* README.md */,
				DE7888942DFA69D60027B60D /* run_tests.sh */,
				DE9BF5882DDE564400094A0D /* InnovaFit */,
				DE9BF5982DDE564700094A0D /* InnovaFitTests */,
				DE9BF5A22DDE564700094A0D /* InnovaFitUITests */,
				DE9BF5872DDE564400094A0D /* Products */,
			);
			sourceTree = "<group>";
		};
		DE9BF5872DDE564400094A0D /* Products */ = {
			isa = PBXGroup;
			children = (
				DE9BF5862DDE564400094A0D /* InnovaFit.app */,
				DE9BF5952DDE564700094A0D /* InnovaFitTests.xctest */,
				DE9BF59F2DDE564700094A0D /* InnovaFitUITests.xctest */,
			);
			name = Products;
			sourceTree = "<group>";
		};
/* End PBXGroup section */

/* Begin PBXNativeTarget section */
		DE9BF5852DDE564400094A0D /* InnovaFit */ = {
			isa = PBXNativeTarget;
			buildConfigurationList = DE9BF5A92DDE564700094A0D /* Build configuration list for PBXNativeTarget "InnovaFit" */;
			buildPhases = (
				DE9BF5822DDE564400094A0D /* Sources */,
				DE9BF5832DDE564400094A0D /* Frameworks */,
				DE9BF5842DDE564400094A0D /* Resources */,
			);
			buildRules = (
			);
			dependencies = (
			);
			fileSystemSynchronizedGroups = (
				DE78889A2DFA6EC60027B60D /* .github */,
				DE9BF5882DDE564400094A0D /* InnovaFit */,
			);
			name = InnovaFit;
			packageProductDependencies = (
				DE9BF5BC2DDE6ECB00094A0D /* FirebaseAnalytics */,
				DE9BF5BE2DDE6ECB00094A0D /* FirebaseAuth */,
				DE9BF5C02DDE6ECB00094A0D /* FirebaseCore */,
				DE9BF5C22DDE6ECB00094A0D /* FirebaseCrashlytics */,
				DE9BF5C42DDE6ECB00094A0D /* FirebaseFirestore */,
				DE9BF5D52DDE8C8B00094A0D /* SDWebImageSwiftUI */,
				DE9138AF2DDFF11D00953143 /* SVGKit */,
				DE9138B12DDFF11D00953143 /* SVGKitSwift */,
			);
			productName = InnovaFit;
			productReference = DE9BF5862DDE564400094A0D /* InnovaFit.app */;
			productType = "com.apple.product-type.application";
		};
		DE9BF5942DDE564700094A0D /* InnovaFitTests */ = {
			isa = PBXNativeTarget;
			buildConfigurationList = DE9BF5AC2DDE564700094A0D /* Build configuration list for PBXNativeTarget "InnovaFitTests" */;
			buildPhases = (
				DE9BF5912DDE564700094A0D /* Sources */,
				DE9BF5922DDE564700094A0D /* Frameworks */,
				DE9BF5932DDE564700094A0D /* Resources */,
			);
			buildRules = (
			);
			dependencies = (
				DE9BF5972DDE564700094A0D /* PBXTargetDependency */,
			);
			fileSystemSynchronizedGroups = (
				DE9BF5982DDE564700094A0D /* InnovaFitTests */,
			);
			name = InnovaFitTests;
			packageProductDependencies = (
				DEA9BE152DFB5FD100E18AD5 /* ViewInspector */,
			);
			productName = InnovaFitTests;
			productReference = DE9BF5952DDE564700094A0D /* InnovaFitTests.xctest */;
			productType = "com.apple.product-type.bundle.unit-test";
		};
		DE9BF59E2DDE564700094A0D /* InnovaFitUITests */ = {
			isa = PBXNativeTarget;
			buildConfigurationList = DE9BF5AF2DDE564700094A0D /* Build configuration list for PBXNativeTarget "InnovaFitUITests" */;
			buildPhases = (
				DE9BF59B2DDE564700094A0D /* Sources */,
				DE9BF59C2DDE564700094A0D /* Frameworks */,
				DE9BF59D2DDE564700094A0D /* Resources */,
			);
			buildRules = (
			);
			dependencies = (
				DE9BF5A12DDE564700094A0D /* PBXTargetDependency */,
			);
			fileSystemSynchronizedGroups = (
				DE9BF5A22DDE564700094A0D /* InnovaFitUITests */,
			);
			name = InnovaFitUITests;
			packageProductDependencies = (
				DEA9BE132DFB5F7400E18AD5 /* ViewInspector */,
			);
			productName = InnovaFitUITests;
			productReference = DE9BF59F2DDE564700094A0D /* InnovaFitUITests.xctest */;
			productType = "com.apple.product-type.bundle.ui-testing";
		};
/* End PBXNativeTarget section */

/* Begin PBXProject section */
		DE9BF57E2DDE564400094A0D /* Project object */ = {
			isa = PBXProject;
			attributes = {
				BuildIndependentTargetsInParallel = 1;
				KnownAssetTags = (
					New,
				);
				LastSwiftUpdateCheck = 1630;
				LastUpgradeCheck = 1630;
				TargetAttributes = {
					DE9BF5852DDE564400094A0D = {
						CreatedOnToolsVersion = 16.3;
					};
					DE9BF5942DDE564700094A0D = {
						CreatedOnToolsVersion = 16.3;
						TestTargetID = DE9BF5852DDE564400094A0D;
					};
					DE9BF59E2DDE564700094A0D = {
						CreatedOnToolsVersion = 16.3;
						TestTargetID = DE9BF5852DDE564400094A0D;
					};
				};
			};
			buildConfigurationList = DE9BF5812DDE564400094A0D /* Build configuration list for PBXProject "InnovaFit" */;
			developmentRegion = en;
			hasScannedForEncodings = 0;
			knownRegions = (
				en,
				Base,
			);
			mainGroup = DE9BF57D2DDE564400094A0D;
			minimizedProjectReferenceProxies = 1;
			packageReferences = (
				DE9BF5BB2DDE6ECB00094A0D /* XCRemoteSwiftPackageReference "firebase-ios-sdk" */,
				DE9BF5D42DDE8C8B00094A0D /* XCRemoteSwiftPackageReference "SDWebImageSwiftUI" */,
				DE9138AE2DDFF11D00953143 /* XCRemoteSwiftPackageReference "SVGKit" */,
				DEA9BE122DFB5F7400E18AD5 /* XCRemoteSwiftPackageReference "ViewInspector" */,
			);
			preferredProjectObjectVersion = 77;
			productRefGroup = DE9BF5872DDE564400094A0D /* Products */;
			projectDirPath = "";
			projectRoot = "";
			targets = (
				DE9BF5852DDE564400094A0D /* InnovaFit */,
				DE9BF5942DDE564700094A0D /* InnovaFitTests */,
				DE9BF59E2DDE564700094A0D /* InnovaFitUITests */,
			);
		};
/* End PBXProject section */

/* Begin PBXResourcesBuildPhase section */
		DE9BF5842DDE564400094A0D /* Resources */ = {
			isa = PBXResourcesBuildPhase;
			buildActionMask = 2147483647;
			files = (
				DE7888992DFA6C460027B60D /* .gitignore in Resources */,
				DE7888952DFA69E40027B60D /* run_tests.sh in Resources */,
				DE7888972DFA6A1E0027B60D /* README.md in Resources */,
			);
			runOnlyForDeploymentPostprocessing = 0;
		};
		DE9BF5932DDE564700094A0D /* Resources */ = {
			isa = PBXResourcesBuildPhase;
			buildActionMask = 2147483647;
			files = (
			);
			runOnlyForDeploymentPostprocessing = 0;
		};
		DE9BF59D2DDE564700094A0D /* Resources */ = {
			isa = PBXResourcesBuildPhase;
			buildActionMask = 2147483647;
			files = (
			);
			runOnlyForDeploymentPostprocessing = 0;
		};
/* End PBXResourcesBuildPhase section */

/* Begin PBXSourcesBuildPhase section */
		DE9BF5822DDE564400094A0D /* Sources */ = {
			isa = PBXSourcesBuildPhase;
			buildActionMask = 2147483647;
			files = (
			);
			runOnlyForDeploymentPostprocessing = 0;
		};
		DE9BF5912DDE564700094A0D /* Sources */ = {
			isa = PBXSourcesBuildPhase;
			buildActionMask = 2147483647;
			files = (
			);
			runOnlyForDeploymentPostprocessing = 0;
		};
		DE9BF59B2DDE564700094A0D /* Sources */ = {
			isa = PBXSourcesBuildPhase;
			buildActionMask = 2147483647;
			files = (
			);
			runOnlyForDeploymentPostprocessing = 0;
		};
/* End PBXSourcesBuildPhase section */

/* Begin PBXTargetDependency section */
		DE9BF5972DDE564700094A0D /* PBXTargetDependency */ = {
			isa = PBXTargetDependency;
			target = DE9BF5852DDE564400094A0D /* InnovaFit */;
			targetProxy = DE9BF5962DDE564700094A0D /* PBXContainerItemProxy */;
		};
		DE9BF5A12DDE564700094A0D /* PBXTargetDependency */ = {
			isa = PBXTargetDependency;
			target = DE9BF5852DDE564400094A0D /* InnovaFit */;
			targetProxy = DE9BF5A02DDE564700094A0D /* PBXContainerItemProxy */;
		};
/* End PBXTargetDependency section */

/* Begin XCBuildConfiguration section */
		DE9BF5A72DDE564700094A0D /* Debug */ = {
			isa = XCBuildConfiguration;
			buildSettings = {
				ALWAYS_SEARCH_USER_PATHS = NO;
				ASSETCATALOG_COMPILER_GENERATE_SWIFT_ASSET_SYMBOL_EXTENSIONS = YES;
				CLANG_ANALYZER_NONNULL = YES;
				CLANG_ANALYZER_NUMBER_OBJECT_CONVERSION = YES_AGGRESSIVE;
				CLANG_CXX_LANGUAGE_STANDARD = "gnu++20";
				CLANG_ENABLE_MODULES = YES;
				CLANG_ENABLE_OBJC_ARC = YES;
				CLANG_ENABLE_OBJC_WEAK = YES;
				CLANG_WARN_BLOCK_CAPTURE_AUTORELEASING = YES;
				CLANG_WARN_BOOL_CONVERSION = YES;
				CLANG_WARN_COMMA = YES;
				CLANG_WARN_CONSTANT_CONVERSION = YES;
				CLANG_WARN_DEPRECATED_OBJC_IMPLEMENTATIONS = YES;
				CLANG_WARN_DIRECT_OBJC_ISA_USAGE = YES_ERROR;
				CLANG_WARN_DOCUMENTATION_COMMENTS = YES;
				CLANG_WARN_EMPTY_BODY = YES;
				CLANG_WARN_ENUM_CONVERSION = YES;
				CLANG_WARN_INFINITE_RECURSION = YES;
				CLANG_WARN_INT_CONVERSION = YES;
				CLANG_WARN_NON_LITERAL_NULL_CONVERSION = YES;
				CLANG_WARN_OBJC_IMPLICIT_RETAIN_SELF = YES;
				CLANG_WARN_OBJC_LITERAL_CONVERSION = YES;
				CLANG_WARN_OBJC_ROOT_CLASS = YES_ERROR;
				CLANG_WARN_QUOTED_INCLUDE_IN_FRAMEWORK_HEADER = YES;
				CLANG_WARN_RANGE_LOOP_ANALYSIS = YES;
				CLANG_WARN_STRICT_PROTOTYPES = YES;
				CLANG_WARN_SUSPICIOUS_MOVE = YES;
				CLANG_WARN_UNGUARDED_AVAILABILITY = YES_AGGRESSIVE;
				CLANG_WARN_UNREACHABLE_CODE = YES;
				CLANG_WARN__DUPLICATE_METHOD_MATCH = YES;
				COPY_PHASE_STRIP = NO;
				DEBUG_INFORMATION_FORMAT = dwarf;
				DEVELOPMENT_TEAM = 6MT8FN6TV4;
				ENABLE_STRICT_OBJC_MSGSEND = YES;
				ENABLE_TESTABILITY = YES;
				ENABLE_USER_SCRIPT_SANDBOXING = YES;
				GCC_C_LANGUAGE_STANDARD = gnu17;
				GCC_DYNAMIC_NO_PIC = NO;
				GCC_NO_COMMON_BLOCKS = YES;
				GCC_OPTIMIZATION_LEVEL = 0;
				GCC_PREPROCESSOR_DEFINITIONS = (
					"DEBUG=1",
					"$(inherited)",
				);
				GCC_WARN_64_TO_32_BIT_CONVERSION = YES;
				GCC_WARN_ABOUT_RETURN_TYPE = YES_ERROR;
				GCC_WARN_UNDECLARED_SELECTOR = YES;
				GCC_WARN_UNINITIALIZED_AUTOS = YES_AGGRESSIVE;
				GCC_WARN_UNUSED_FUNCTION = YES;
				GCC_WARN_UNUSED_VARIABLE = YES;
				IPHONEOS_DEPLOYMENT_TARGET = 18.4;
				LOCALIZATION_PREFERS_STRING_CATALOGS = YES;
				MTL_ENABLE_DEBUG_INFO = INCLUDE_SOURCE;
				MTL_FAST_MATH = YES;
				ONLY_ACTIVE_ARCH = YES;
				SDKROOT = iphoneos;
				SWIFT_ACTIVE_COMPILATION_CONDITIONS = "DEBUG $(inherited)";
				SWIFT_OPTIMIZATION_LEVEL = "-Onone";
			};
			name = Debug;
		};
		DE9BF5A82DDE564700094A0D /* Release */ = {
			isa = XCBuildConfiguration;
			buildSettings = {
				ALWAYS_SEARCH_USER_PATHS = NO;
				ASSETCATALOG_COMPILER_GENERATE_SWIFT_ASSET_SYMBOL_EXTENSIONS = YES;
				CLANG_ANALYZER_NONNULL = YES;
				CLANG_ANALYZER_NUMBER_OBJECT_CONVERSION = YES_AGGRESSIVE;
				CLANG_CXX_LANGUAGE_STANDARD = "gnu++20";
				CLANG_ENABLE_MODULES = YES;
				CLANG_ENABLE_OBJC_ARC = YES;
				CLANG_ENABLE_OBJC_WEAK = YES;
				CLANG_WARN_BLOCK_CAPTURE_AUTORELEASING = YES;
				CLANG_WARN_BOOL_CONVERSION = YES;
				CLANG_WARN_COMMA = YES;
				CLANG_WARN_CONSTANT_CONVERSION = YES;
				CLANG_WARN_DEPRECATED_OBJC_IMPLEMENTATIONS = YES;
				CLANG_WARN_DIRECT_OBJC_ISA_USAGE = YES_ERROR;
				CLANG_WARN_DOCUMENTATION_COMMENTS = YES;
				CLANG_WARN_EMPTY_BODY = YES;
				CLANG_WARN_ENUM_CONVERSION = YES;
				CLANG_WARN_INFINITE_RECURSION = YES;
				CLANG_WARN_INT_CONVERSION = YES;
				CLANG_WARN_NON_LITERAL_NULL_CONVERSION = YES;
				CLANG_WARN_OBJC_IMPLICIT_RETAIN_SELF = YES;
				CLANG_WARN_OBJC_LITERAL_CONVERSION = YES;
				CLANG_WARN_OBJC_ROOT_CLASS = YES_ERROR;
				CLANG_WARN_QUOTED_INCLUDE_IN_FRAMEWORK_HEADER = YES;
				CLANG_WARN_RANGE_LOOP_ANALYSIS = YES;
				CLANG_WARN_STRICT_PROTOTYPES = YES;
				CLANG_WARN_SUSPICIOUS_MOVE = YES;
				CLANG_WARN_UNGUARDED_AVAILABILITY = YES_AGGRESSIVE;
				CLANG_WARN_UNREACHABLE_CODE = YES;
				CLANG_WARN__DUPLICATE_METHOD_MATCH = YES;
				COPY_PHASE_STRIP = NO;
				DEBUG_INFORMATION_FORMAT = "dwarf-with-dsym";
				DEVELOPMENT_TEAM = 6MT8FN6TV4;
				ENABLE_NS_ASSERTIONS = NO;
				ENABLE_STRICT_OBJC_MSGSEND = YES;
				ENABLE_USER_SCRIPT_SANDBOXING = YES;
				GCC_C_LANGUAGE_STANDARD = gnu17;
				GCC_NO_COMMON_BLOCKS = YES;
				GCC_WARN_64_TO_32_BIT_CONVERSION = YES;
				GCC_WARN_ABOUT_RETURN_TYPE = YES_ERROR;
				GCC_WARN_UNDECLARED_SELECTOR = YES;
				GCC_WARN_UNINITIALIZED_AUTOS = YES_AGGRESSIVE;
				GCC_WARN_UNUSED_FUNCTION = YES;
				GCC_WARN_UNUSED_VARIABLE = YES;
				IPHONEOS_DEPLOYMENT_TARGET = 18.4;
				LOCALIZATION_PREFERS_STRING_CATALOGS = YES;
				MTL_ENABLE_DEBUG_INFO = NO;
				MTL_FAST_MATH = YES;
				SDKROOT = iphoneos;
				SWIFT_COMPILATION_MODE = wholemodule;
				VALIDATE_PRODUCT = YES;
			};
			name = Release;
		};
		DE9BF5AA2DDE564700094A0D /* Debug */ = {
			isa = XCBuildConfiguration;
			buildSettings = {
				ASSETCATALOG_COMPILER_APPICON_NAME = AppIcon;
				ASSETCATALOG_COMPILER_GLOBAL_ACCENT_COLOR_NAME = AccentColor;
				CODE_SIGN_ENTITLEMENTS = InnovaFit/InnovaFit.entitlements;
				CODE_SIGN_STYLE = Automatic;
				CURRENT_PROJECT_VERSION = 27;
				DEVELOPMENT_TEAM = 6MT8FN6TV4;
				ENABLE_PREVIEWS = YES;
				GENERATE_INFOPLIST_FILE = YES;
				INFOPLIST_FILE = InnovaFit/Info.plist;
				INFOPLIST_KEY_LSApplicationCategoryType = "public.app-category.lifestyle";
				INFOPLIST_KEY_NSCameraUsageDescription = "Se necesita acceso a la cámara para escanear el código QR de InnovaFit.";
				INFOPLIST_KEY_UIApplicationSceneManifest_Generation = YES;
				INFOPLIST_KEY_UIApplicationSupportsIndirectInputEvents = YES;
				INFOPLIST_KEY_UILaunchScreen_Generation = YES;
				INFOPLIST_KEY_UISupportedInterfaceOrientations = UIInterfaceOrientationPortrait;
				INFOPLIST_KEY_UISupportedInterfaceOrientations_iPad = "UIInterfaceOrientationLandscapeLeft UIInterfaceOrientationLandscapeRight UIInterfaceOrientationPortrait UIInterfaceOrientationPortraitUpsideDown";
				LD_RUNPATH_SEARCH_PATHS = (
					"$(inherited)",
					"@executable_path/Frameworks",
				);
				MARKETING_VERSION = 1.27;
				PRODUCT_BUNDLE_IDENTIFIER = com.fpretell.innovafit;
				PRODUCT_NAME = "$(TARGET_NAME)";
				SUPPORTED_PLATFORMS = "iphoneos iphonesimulator";
				SUPPORTS_MACCATALYST = NO;
				SUPPORTS_MAC_DESIGNED_FOR_IPHONE_IPAD = NO;
				SUPPORTS_XR_DESIGNED_FOR_IPHONE_IPAD = NO;
				SWIFT_EMIT_LOC_STRINGS = YES;
				SWIFT_VERSION = 5.0;
				TARGETED_DEVICE_FAMILY = 1;
			};
			name = Debug;
		};
		DE9BF5AB2DDE564700094A0D /* Release */ = {
			isa = XCBuildConfiguration;
			buildSettings = {
				ASSETCATALOG_COMPILER_APPICON_NAME = AppIcon;
				ASSETCATALOG_COMPILER_GLOBAL_ACCENT_COLOR_NAME = AccentColor;
				CODE_SIGN_ENTITLEMENTS = InnovaFit/InnovaFit.entitlements;
				CODE_SIGN_STYLE = Automatic;
				CURRENT_PROJECT_VERSION = 27;
				DEVELOPMENT_TEAM = 6MT8FN6TV4;
				ENABLE_PREVIEWS = YES;
				GENERATE_INFOPLIST_FILE = YES;
				INFOPLIST_FILE = InnovaFit/Info.plist;
				INFOPLIST_KEY_LSApplicationCategoryType = "public.app-category.lifestyle";
				INFOPLIST_KEY_NSCameraUsageDescription = "Se necesita acceso a la cámara para escanear el código QR de InnovaFit.";
				INFOPLIST_KEY_UIApplicationSceneManifest_Generation = YES;
				INFOPLIST_KEY_UIApplicationSupportsIndirectInputEvents = YES;
				INFOPLIST_KEY_UILaunchScreen_Generation = YES;
				INFOPLIST_KEY_UISupportedInterfaceOrientations = UIInterfaceOrientationPortrait;
				INFOPLIST_KEY_UISupportedInterfaceOrientations_iPad = "UIInterfaceOrientationLandscapeLeft UIInterfaceOrientationLandscapeRight UIInterfaceOrientationPortrait UIInterfaceOrientationPortraitUpsideDown";
				LD_RUNPATH_SEARCH_PATHS = (
					"$(inherited)",
					"@executable_path/Frameworks",
				);
				MARKETING_VERSION = 1.27;
				PRODUCT_BUNDLE_IDENTIFIER = com.fpretell.innovafit;
				PRODUCT_NAME = "$(TARGET_NAME)";
				SUPPORTED_PLATFORMS = "iphoneos iphonesimulator";
				SUPPORTS_MACCATALYST = NO;
				SUPPORTS_MAC_DESIGNED_FOR_IPHONE_IPAD = NO;
				SUPPORTS_XR_DESIGNED_FOR_IPHONE_IPAD = NO;
				SWIFT_EMIT_LOC_STRINGS = YES;
				SWIFT_VERSION = 5.0;
				TARGETED_DEVICE_FAMILY = 1;
			};
			name = Release;
		};
		DE9BF5AD2DDE564700094A0D /* Debug */ = {
			isa = XCBuildConfiguration;
			buildSettings = {
				BUNDLE_LOADER = "$(TEST_HOST)";
				CODE_SIGN_STYLE = Automatic;
				CURRENT_PROJECT_VERSION = 1;
				DEVELOPMENT_TEAM = 6MT8FN6TV4;
				GENERATE_INFOPLIST_FILE = YES;
				IPHONEOS_DEPLOYMENT_TARGET = 18.4;
				MARKETING_VERSION = 1.0;
				PRODUCT_BUNDLE_IDENTIFIER = com.fernandopretell.InnovaFitTests;
				PRODUCT_NAME = "$(TARGET_NAME)";
				SWIFT_EMIT_LOC_STRINGS = NO;
				SWIFT_VERSION = 5.0;
				TARGETED_DEVICE_FAMILY = "1,2";
				TEST_HOST = "$(BUILT_PRODUCTS_DIR)/InnovaFit.app/$(BUNDLE_EXECUTABLE_FOLDER_PATH)/InnovaFit";
			};
			name = Debug;
		};
		DE9BF5AE2DDE564700094A0D /* Release */ = {
			isa = XCBuildConfiguration;
			buildSettings = {
				BUNDLE_LOADER = "$(TEST_HOST)";
				CODE_SIGN_STYLE = Automatic;
				CURRENT_PROJECT_VERSION = 1;
				DEVELOPMENT_TEAM = 6MT8FN6TV4;
				GENERATE_INFOPLIST_FILE = YES;
				IPHONEOS_DEPLOYMENT_TARGET = 18.4;
				MARKETING_VERSION = 1.0;
				PRODUCT_BUNDLE_IDENTIFIER = com.fernandopretell.InnovaFitTests;
				PRODUCT_NAME = "$(TARGET_NAME)";
				SWIFT_EMIT_LOC_STRINGS = NO;
				SWIFT_VERSION = 5.0;
				TARGETED_DEVICE_FAMILY = "1,2";
				TEST_HOST = "$(BUILT_PRODUCTS_DIR)/InnovaFit.app/$(BUNDLE_EXECUTABLE_FOLDER_PATH)/InnovaFit";
			};
			name = Release;
		};
		DE9BF5B02DDE564700094A0D /* Debug */ = {
			isa = XCBuildConfiguration;
			buildSettings = {
				CODE_SIGN_STYLE = Automatic;
				CURRENT_PROJECT_VERSION = 1;
				DEVELOPMENT_TEAM = 6MT8FN6TV4;
				GENERATE_INFOPLIST_FILE = YES;
				MARKETING_VERSION = 1.0;
				PRODUCT_BUNDLE_IDENTIFIER = com.fernandopretell.InnovaFitUITests;
				PRODUCT_NAME = "$(TARGET_NAME)";
				SWIFT_EMIT_LOC_STRINGS = NO;
				SWIFT_VERSION = 5.0;
				TARGETED_DEVICE_FAMILY = "1,2";
				TEST_TARGET_NAME = InnovaFit;
			};
			name = Debug;
		};
		DE9BF5B12DDE564700094A0D /* Release */ = {
			isa = XCBuildConfiguration;
			buildSettings = {
				CODE_SIGN_STYLE = Automatic;
				CURRENT_PROJECT_VERSION = 1;
				DEVELOPMENT_TEAM = 6MT8FN6TV4;
				GENERATE_INFOPLIST_FILE = YES;
				MARKETING_VERSION = 1.0;
				PRODUCT_BUNDLE_IDENTIFIER = com.fernandopretell.InnovaFitUITests;
				PRODUCT_NAME = "$(TARGET_NAME)";
				SWIFT_EMIT_LOC_STRINGS = NO;
				SWIFT_VERSION = 5.0;
				TARGETED_DEVICE_FAMILY = "1,2";
				TEST_TARGET_NAME = InnovaFit;
			};
			name = Release;
		};
/* End XCBuildConfiguration section */

/* Begin XCConfigurationList section */
		DE9BF5812DDE564400094A0D /* Build configuration list for PBXProject "InnovaFit" */ = {
			isa = XCConfigurationList;
			buildConfigurations = (
				DE9BF5A72DDE564700094A0D /* Debug */,
				DE9BF5A82DDE564700094A0D /* Release */,
			);
			defaultConfigurationIsVisible = 0;
			defaultConfigurationName = Release;
		};
		DE9BF5A92DDE564700094A0D /* Build configuration list for PBXNativeTarget "InnovaFit" */ = {
			isa = XCConfigurationList;
			buildConfigurations = (
				DE9BF5AA2DDE564700094A0D /* Debug */,
				DE9BF5AB2DDE564700094A0D /* Release */,
			);
			defaultConfigurationIsVisible = 0;
			defaultConfigurationName = Release;
		};
		DE9BF5AC2DDE564700094A0D /* Build configuration list for PBXNativeTarget "InnovaFitTests" */ = {
			isa = XCConfigurationList;
			buildConfigurations = (
				DE9BF5AD2DDE564700094A0D /* Debug */,
				DE9BF5AE2DDE564700094A0D /* Release */,
			);
			defaultConfigurationIsVisible = 0;
			defaultConfigurationName = Release;
		};
		DE9BF5AF2DDE564700094A0D /* Build configuration list for PBXNativeTarget "InnovaFitUITests" */ = {
			isa = XCConfigurationList;
			buildConfigurations = (
				DE9BF5B02DDE564700094A0D /* Debug */,
				DE9BF5B12DDE564700094A0D /* Release */,
			);
			defaultConfigurationIsVisible = 0;
			defaultConfigurationName = Release;
		};
/* End XCConfigurationList section */

/* Begin XCRemoteSwiftPackageReference section */
		DE9138AE2DDFF11D00953143 /* XCRemoteSwiftPackageReference "SVGKit" */ = {
			isa = XCRemoteSwiftPackageReference;
			repositoryURL = "https://github.com/SVGKit/SVGKit.git";
			requirement = {
				kind = upToNextMajorVersion;
				minimumVersion = 3.0.0;
			};
		};
		DE9BF5BB2DDE6ECB00094A0D /* XCRemoteSwiftPackageReference "firebase-ios-sdk" */ = {
			isa = XCRemoteSwiftPackageReference;
			repositoryURL = "https://github.com/firebase/firebase-ios-sdk.git";
			requirement = {
				kind = upToNextMajorVersion;
				minimumVersion = 11.13.0;
			};
		};
		DE9BF5D42DDE8C8B00094A0D /* XCRemoteSwiftPackageReference "SDWebImageSwiftUI" */ = {
			isa = XCRemoteSwiftPackageReference;
			repositoryURL = "https://github.com/SDWebImage/SDWebImageSwiftUI.git";
			requirement = {
				kind = upToNextMajorVersion;
				minimumVersion = 3.1.3;
			};
		};
		DEA9BE122DFB5F7400E18AD5 /* XCRemoteSwiftPackageReference "ViewInspector" */ = {
			isa = XCRemoteSwiftPackageReference;
			repositoryURL = "https://github.com/nalexn/ViewInspector";
			requirement = {
				kind = upToNextMajorVersion;
				minimumVersion = 0.10.2;
			};
		};
/* End XCRemoteSwiftPackageReference section */

/* Begin XCSwiftPackageProductDependency section */
		DE9138AF2DDFF11D00953143 /* SVGKit */ = {
			isa = XCSwiftPackageProductDependency;
			package = DE9138AE2DDFF11D00953143 /* XCRemoteSwiftPackageReference "SVGKit" */;
			productName = SVGKit;
		};
		DE9138B12DDFF11D00953143 /* SVGKitSwift */ = {
			isa = XCSwiftPackageProductDependency;
			package = DE9138AE2DDFF11D00953143 /* XCRemoteSwiftPackageReference "SVGKit" */;
			productName = SVGKitSwift;
		};
		DE9BF5BC2DDE6ECB00094A0D /* FirebaseAnalytics */ = {
			isa = XCSwiftPackageProductDependency;
			package = DE9BF5BB2DDE6ECB00094A0D /* XCRemoteSwiftPackageReference "firebase-ios-sdk" */;
			productName = FirebaseAnalytics;
		};
		DE9BF5BE2DDE6ECB00094A0D /* FirebaseAuth */ = {
			isa = XCSwiftPackageProductDependency;
			package = DE9BF5BB2DDE6ECB00094A0D /* XCRemoteSwiftPackageReference "firebase-ios-sdk" */;
			productName = FirebaseAuth;
		};
		DE9BF5C02DDE6ECB00094A0D /* FirebaseCore */ = {
			isa = XCSwiftPackageProductDependency;
			package = DE9BF5BB2DDE6ECB00094A0D /* XCRemoteSwiftPackageReference "firebase-ios-sdk" */;
			productName = FirebaseCore;
		};
		DE9BF5C22DDE6ECB00094A0D /* FirebaseCrashlytics */ = {
			isa = XCSwiftPackageProductDependency;
			package = DE9BF5BB2DDE6ECB00094A0D /* XCRemoteSwiftPackageReference "firebase-ios-sdk" */;
			productName = FirebaseCrashlytics;
		};
		DE9BF5C42DDE6ECB00094A0D /* FirebaseFirestore */ = {
			isa = XCSwiftPackageProductDependency;
			package = DE9BF5BB2DDE6ECB00094A0D /* XCRemoteSwiftPackageReference "firebase-ios-sdk" */;
			productName = FirebaseFirestore;
		};
		DE9BF5D52DDE8C8B00094A0D /* SDWebImageSwiftUI */ = {
			isa = XCSwiftPackageProductDependency;
			package = DE9BF5D42DDE8C8B00094A0D /* XCRemoteSwiftPackageReference "SDWebImageSwiftUI" */;
			productName = SDWebImageSwiftUI;
		};
		DEA9BE132DFB5F7400E18AD5 /* ViewInspector */ = {
			isa = XCSwiftPackageProductDependency;
			package = DEA9BE122DFB5F7400E18AD5 /* XCRemoteSwiftPackageReference "ViewInspector" */;
			productName = ViewInspector;
		};
		DEA9BE152DFB5FD100E18AD5 /* ViewInspector */ = {
			isa = XCSwiftPackageProductDependency;
			package = DEA9BE122DFB5F7400E18AD5 /* XCRemoteSwiftPackageReference "ViewInspector" */;
			productName = ViewInspector;
		};
/* End XCSwiftPackageProductDependency section */
	};
	rootObject = DE9BF57E2DDE564400094A0D /* Project object */;
}
